
Microsoft Visual Studio Solution File, Format Version 12.00
# Visual Studio 15
VisualStudioVersion = 15.0.28307.852
MinimumVisualStudioVersion = 10.0.40219.1
Project("{FAE04EC0-301F-11D3-BF4B-00C04F79EFBC}") = "KyungjinYeseul_API_Lab3_WebApplication", "KyungjinYeseul_API_Lab3_WebApplication\KyungjinYeseul_API_Lab3_WebApplication.csproj", "{BB06DA05-8C5E-48A2-85B5-381EB9066BF0}"
EndProject
Global
	GlobalSection(SolutionConfigurationPlatforms) = preSolution
		Debug|Any CPU = Debug|Any CPU
		Release|Any CPU = Release|Any CPU
	EndGlobalSection
	GlobalSection(ProjectConfigurationPlatforms) = postSolution
		{BB06DA05-8C5E-48A2-85B5-381EB9066BF0}.Debug|Any CPU.ActiveCfg = Debug|Any CPU
		{BB06DA05-8C5E-48A2-85B5-381EB9066BF0}.Debug|Any CPU.Build.0 = Debug|Any CPU
		{BB06DA05-8C5E-48A2-85B5-381EB9066BF0}.Release|Any CPU.ActiveCfg = Release|Any CPU
		{BB06DA05-8C5E-48A2-85B5-381EB9066BF0}.Release|Any CPU.Build.0 = Release|Any CPU
	EndGlobalSection
	GlobalSection(SolutionProperties) = preSolution
		HideSolutionNode = FALSE
	EndGlobalSection
	GlobalSection(ExtensibilityGlobals) = postSolution
		SolutionGuid = {BC510635-AC50-438B-9A3A-37A64271D8C4}
	EndGlobalSection
EndGlobal
